
Microsoft Visual Studio Solution File, Format Version 12.00
# Visual Studio Version 17
VisualStudioVersion = 17.14.36414.22 d17.14
MinimumVisualStudioVersion = 10.0.40219.1
Project("{FAE04EC0-301F-11D3-BF4B-00C04F79EFBC}") = "KutuphaneAPI", "KutuphaneAPI\KutuphaneAPI.csproj", "{03868FEF-6D61-4525-9AE3-D34F7E9EF282}"
EndProject
Project("{FAE04EC0-301F-11D3-BF4B-00C04F79EFBC}") = "Presentation", "Presentation\Presentation.csproj", "{AFA98040-53D3-48B7-A2FB-E233FBD02F84}"
EndProject
Project("{FAE04EC0-301F-11D3-BF4B-00C04F79EFBC}") = "Entities", "Entities\Entities.csproj", "{01890246-6D21-4EA5-9B0B-69A10AE0DA4C}"
EndProject
Project("{FAE04EC0-301F-11D3-BF4B-00C04F79EFBC}") = "Repositories", "Repositories\Repositories.csproj", "{5F9E6D0D-3276-48D1-ABC0-0EFFB55EF3FF}"
EndProject
Project("{FAE04EC0-301F-11D3-BF4B-00C04F79EFBC}") = "Services", "Services\Services.csproj", "{9E30CDE3-AD43-484F-A66C-9C607748A588}"
EndProject
Global
	GlobalSection(SolutionConfigurationPlatforms) = preSolution
		Debug|Any CPU = Debug|Any CPU
		Release|Any CPU = Release|Any CPU
	EndGlobalSection
	GlobalSection(ProjectConfigurationPlatforms) = postSolution
		{03868FEF-6D61-4525-9AE3-D34F7E9EF282}.Debug|Any CPU.ActiveCfg = Debug|Any CPU
		{03868FEF-6D61-4525-9AE3-D34F7E9EF282}.Debug|Any CPU.Build.0 = Debug|Any CPU
		{03868FEF-6D61-4525-9AE3-D34F7E9EF282}.Release|Any CPU.ActiveCfg = Release|Any CPU
		{03868FEF-6D61-4525-9AE3-D34F7E9EF282}.Release|Any CPU.Build.0 = Release|Any CPU
		{AFA98040-53D3-48B7-A2FB-E233FBD02F84}.Debug|Any CPU.ActiveCfg = Debug|Any CPU
		{AFA98040-53D3-48B7-A2FB-E233FBD02F84}.Debug|Any CPU.Build.0 = Debug|Any CPU
		{AFA98040-53D3-48B7-A2FB-E233FBD02F84}.Release|Any CPU.ActiveCfg = Release|Any CPU
		{AFA98040-53D3-48B7-A2FB-E233FBD02F84}.Release|Any CPU.Build.0 = Release|Any CPU
		{01890246-6D21-4EA5-9B0B-69A10AE0DA4C}.Debug|Any CPU.ActiveCfg = Debug|Any CPU
		{01890246-6D21-4EA5-9B0B-69A10AE0DA4C}.Debug|Any CPU.Build.0 = Debug|Any CPU
		{01890246-6D21-4EA5-9B0B-69A10AE0DA4C}.Release|Any CPU.ActiveCfg = Release|Any CPU
		{01890246-6D21-4EA5-9B0B-69A10AE0DA4C}.Release|Any CPU.Build.0 = Release|Any CPU
		{5F9E6D0D-3276-48D1-ABC0-0EFFB55EF3FF}.Debug|Any CPU.ActiveCfg = Debug|Any CPU
		{5F9E6D0D-3276-48D1-ABC0-0EFFB55EF3FF}.Debug|Any CPU.Build.0 = Debug|Any CPU
		{5F9E6D0D-3276-48D1-ABC0-0EFFB55EF3FF}.Release|Any CPU.ActiveCfg = Release|Any CPU
		{5F9E6D0D-3276-48D1-ABC0-0EFFB55EF3FF}.Release|Any CPU.Build.0 = Release|Any CPU
		{9E30CDE3-AD43-484F-A66C-9C607748A588}.Debug|Any CPU.ActiveCfg = Debug|Any CPU
		{9E30CDE3-AD43-484F-A66C-9C607748A588}.Debug|Any CPU.Build.0 = Debug|Any CPU
		{9E30CDE3-AD43-484F-A66C-9C607748A588}.Release|Any CPU.ActiveCfg = Release|Any CPU
		{9E30CDE3-AD43-484F-A66C-9C607748A588}.Release|Any CPU.Build.0 = Release|Any CPU
	EndGlobalSection
	GlobalSection(SolutionProperties) = preSolution
		HideSolutionNode = FALSE
	EndGlobalSection
	GlobalSection(ExtensibilityGlobals) = postSolution
		SolutionGuid = {7CADFB2C-F21E-4BA1-81DD-CC3A329C6CAC}
	EndGlobalSection
EndGlobal
